{
  "lockfileVersion": 1,
  "workspaces": {
    "": {
      "dependencies": {
        "hono": "^4.7.7",
      },
      "devDependencies": {
        "@cloudflare/workers-types": "^4.20250423.0",
      },
    },
  },
  "packages": {
    "@cloudflare/workers-types": ["@cloudflare/workers-types@4.20250423.0", "", {}, "sha512-uzy7fvgYIs9YCEaPScC+RnZvd+yJJCqLCEe/n/6p2PZTxWbDmiZjtJQiP5Zx6G0p64ZD/0ZRmtALfDZDNYBDHg=="],

    "hono": ["hono@4.7.7", "", {}, "sha512-2PCpQRbN87Crty8/L/7akZN3UyZIAopSoRxCwRbJgUuV1+MHNFHzYFxZTg4v/03cXUm+jce/qa2VSBZpKBm3Qw=="],
  }
}
